
Microsoft Visual Studio Solution File, Format Version 12.00
# Visual Studio Version 17
VisualStudioVersion = 17.0.31717.71
MinimumVisualStudioVersion = 10.0.40219.1
Project("{2150E333-8FDC-42A3-9474-1A3956D46DE8}") = "FrontEnd", "FrontEnd", "{0832F50C-F5C3-48A6-B023-9F7E90A567C8}"
EndProject
Project("{9A19103F-16F7-4668-BE54-9A1E7A4F7556}") = "Restauraunt.Web", "Restauraunt.Web\Restauraunt.Web.csproj", "{9144CC17-9E9B-4FC7-9945-B74FE6BCC80B}"
EndProject
Project("{2150E333-8FDC-42A3-9474-1A3956D46DE8}") = "Services", "Services", "{5BB0FF5C-DF97-4772-B75B-BE6B13706A12}"
EndProject
Project("{9A19103F-16F7-4668-BE54-9A1E7A4F7556}") = "Services.Product.API", "Services.Product.API\Services.Product.API.csproj", "{04AFAF8A-1ED1-4C8F-B29F-C4D54F9E4F26}"
EndProject
Global
	GlobalSection(SolutionConfigurationPlatforms) = preSolution
		Debug|Any CPU = Debug|Any CPU
		Release|Any CPU = Release|Any CPU
	EndGlobalSection
	GlobalSection(ProjectConfigurationPlatforms) = postSolution
		{9144CC17-9E9B-4FC7-9945-B74FE6BCC80B}.Debug|Any CPU.ActiveCfg = Debug|Any CPU
		{9144CC17-9E9B-4FC7-9945-B74FE6BCC80B}.Debug|Any CPU.Build.0 = Debug|Any CPU
		{9144CC17-9E9B-4FC7-9945-B74FE6BCC80B}.Release|Any CPU.ActiveCfg = Release|Any CPU
		{9144CC17-9E9B-4FC7-9945-B74FE6BCC80B}.Release|Any CPU.Build.0 = Release|Any CPU
		{04AFAF8A-1ED1-4C8F-B29F-C4D54F9E4F26}.Debug|Any CPU.ActiveCfg = Debug|Any CPU
		{04AFAF8A-1ED1-4C8F-B29F-C4D54F9E4F26}.Debug|Any CPU.Build.0 = Debug|Any CPU
		{04AFAF8A-1ED1-4C8F-B29F-C4D54F9E4F26}.Release|Any CPU.ActiveCfg = Release|Any CPU
		{04AFAF8A-1ED1-4C8F-B29F-C4D54F9E4F26}.Release|Any CPU.Build.0 = Release|Any CPU
	EndGlobalSection
	GlobalSection(SolutionProperties) = preSolution
		HideSolutionNode = FALSE
	EndGlobalSection
	GlobalSection(NestedProjects) = preSolution
		{9144CC17-9E9B-4FC7-9945-B74FE6BCC80B} = {0832F50C-F5C3-48A6-B023-9F7E90A567C8}
		{04AFAF8A-1ED1-4C8F-B29F-C4D54F9E4F26} = {5BB0FF5C-DF97-4772-B75B-BE6B13706A12}
	EndGlobalSection
	GlobalSection(ExtensibilityGlobals) = postSolution
		SolutionGuid = {D382DF14-AB96-43F1-A28D-376183D3FC59}
	EndGlobalSection
EndGlobal
